
Microsoft Visual Studio Solution File, Format Version 12.00
# Visual Studio Version 16
VisualStudioVersion = 16.0.28606.126
MinimumVisualStudioVersion = 10.0.40219.1
Project("{FAE04EC0-301F-11D3-BF4B-00C04F79EFBC}") = "UsingDeclaraationSample", "UsingDeclaraationSample\UsingDeclaraationSample.csproj", "{F08FD2D1-F450-474C-889C-65D434D92664}"
EndProject
Global
	GlobalSection(SolutionConfigurationPlatforms) = preSolution
		Debug|Any CPU = Debug|Any CPU
		Release|Any CPU = Release|Any CPU
	EndGlobalSection
	GlobalSection(ProjectConfigurationPlatforms) = postSolution
		{F08FD2D1-F450-474C-889C-65D434D92664}.Debug|Any CPU.ActiveCfg = Debug|Any CPU
		{F08FD2D1-F450-474C-889C-65D434D92664}.Debug|Any CPU.Build.0 = Debug|Any CPU
		{F08FD2D1-F450-474C-889C-65D434D92664}.Release|Any CPU.ActiveCfg = Release|Any CPU
		{F08FD2D1-F450-474C-889C-65D434D92664}.Release|Any CPU.Build.0 = Release|Any CPU
	EndGlobalSection
	GlobalSection(SolutionProperties) = preSolution
		HideSolutionNode = FALSE
	EndGlobalSection
	GlobalSection(ExtensibilityGlobals) = postSolution
		SolutionGuid = {23EEFB3A-6617-4C03-9916-A6EA1789950E}
	EndGlobalSection
EndGlobal
